
Microsoft Visual Studio Solution File, Format Version 12.00
# Visual Studio 15
VisualStudioVersion = 15.0.27004.2005
MinimumVisualStudioVersion = 10.0.40219.1
Project("{888888A0-9F3D-457C-B088-3A5042F75D52}") = "Localization", "Localization.pyproj", "{6BA28569-52C4-454B-ACA9-143B74828F0E}"
EndProject
Global
	GlobalSection(SolutionConfigurationPlatforms) = preSolution
		Debug|Any CPU = Debug|Any CPU
		Release|Any CPU = Release|Any CPU
	EndGlobalSection
	GlobalSection(ProjectConfigurationPlatforms) = postSolution
		{6BA28569-52C4-454B-ACA9-143B74828F0E}.Debug|Any CPU.ActiveCfg = Debug|Any CPU
		{6BA28569-52C4-454B-ACA9-143B74828F0E}.Release|Any CPU.ActiveCfg = Release|Any CPU
	EndGlobalSection
	GlobalSection(SolutionProperties) = preSolution
		HideSolutionNode = FALSE
	EndGlobalSection
	GlobalSection(ExtensibilityGlobals) = postSolution
		SolutionGuid = {18477A0A-34B5-4E74-AD21-72A8C5D321D3}
	EndGlobalSection
EndGlobal
