
Microsoft Visual Studio Solution File, Format Version 12.00
# Visual Studio 15
VisualStudioVersion = 15.0.27004.2005
MinimumVisualStudioVersion = 10.0.40219.1
Project("{888888A0-9F3D-457C-B088-3A5042F75D52}") = "PID_Control", "PID_Control\PID_Control.pyproj", "{81839994-00A8-46C0-B039-1B1585918C44}"
EndProject
Global
	GlobalSection(SolutionConfigurationPlatforms) = preSolution
		Debug|Any CPU = Debug|Any CPU
		Release|Any CPU = Release|Any CPU
	EndGlobalSection
	GlobalSection(ProjectConfigurationPlatforms) = postSolution
		{81839994-00A8-46C0-B039-1B1585918C44}.Debug|Any CPU.ActiveCfg = Debug|Any CPU
		{81839994-00A8-46C0-B039-1B1585918C44}.Release|Any CPU.ActiveCfg = Release|Any CPU
	EndGlobalSection
	GlobalSection(SolutionProperties) = preSolution
		HideSolutionNode = FALSE
	EndGlobalSection
	GlobalSection(ExtensibilityGlobals) = postSolution
		SolutionGuid = {B552762F-9427-40FA-999B-0EB6849E439D}
	EndGlobalSection
EndGlobal
